PODS:
  - SwSDK (1.2.5)
  - Toast-Swift (5.1.1)

DEPENDENCIES:
  - SwSDK
  - Toast-Swift (~> 5.1.1)

SPEC REPOS:
  https://github.com/CocoaPods/Specs.git:
    - Toast-Swift
  https://github.com/Servicewall/Cocoapods-specs.git:
    - SwSDK

SPEC CHECKSUMS:
  SwSDK: 91caf4e48dc81e774b39cfd55810f16818ddcfc8
  Toast-Swift: 7a03a532afe3a560d4044bc7c237e2864d295173

PODFILE CHECKSUM: 02d69f4c625a940e789934a5ccaffad131893102

COCOAPODS: 1.15.2
