// !$*UTF8*$!
{
	archiveVersion = 1;
	classes = {
	};
	objectVersion = 56;
	objects = {

/* Begin PBXBuildFile section */
		4EED37736E165E5BDC3FA477 /* Pods_AsSDKDemo.framework in Frameworks */ = {isa = PBXBuildFile; fileRef = 10ACC6C441B52B8861633350 /* Pods_AsSDKDemo.framework */; };
		C37ADBED2BD26B8A00EE13CA /* AppDelegate.swift in Sources */ = {isa = PBXBuildFile; fileRef = C37ADBEC2BD26B8A00EE13CA /* AppDelegate.swift */; };
		C37ADBF12BD26B8A00EE13CA /* ViewController.swift in Sources */ = {isa = PBXBuildFile; fileRef = C37ADBF02BD26B8A00EE13CA /* ViewController.swift */; };
		C37ADBF42BD26B8A00EE13CA /* Base in Resources */ = {isa = PBXBuildFile; fileRef = C37ADBF32BD26B8A00EE13CA /* Base */; };
		C37ADBF62BD26B8B00EE13CA /* Assets.xcassets in Resources */ = {isa = PBXBuildFile; fileRef = C37ADBF52BD26B8B00EE13CA /* Assets.xcassets */; };
		C37ADBF92BD26B8B00EE13CA /* Base in Resources */ = {isa = PBXBuildFile; fileRef = C37ADBF82BD26B8B00EE13CA /* Base */; };
/* End PBXBuildFile section */

/* Begin PBXFileReference section */
		10ACC6C441B52B8861633350 /* Pods_AsSDKDemo.framework */ = {isa = PBXFileReference; explicitFileType = wrapper.framework; includeInIndex = 0; path = Pods_AsSDKDemo.framework; sourceTree = BUILT_PRODUCTS_DIR; };
		3B1C166DE548FD4C7D6AB82D /* Pods-AsSDKDemo.release.xcconfig */ = {isa = PBXFileReference; includeInIndex = 1; lastKnownFileType = text.xcconfig; name = "Pods-AsSDKDemo.release.xcconfig"; path = "Target Support Files/Pods-AsSDKDemo/Pods-AsSDKDemo.release.xcconfig"; sourceTree = "<group>"; };
		8DD1061835F410ED37DFFE70 /* Pods-AsSDKDemo.debug.xcconfig */ = {isa = PBXFileReference; includeInIndex = 1; lastKnownFileType = text.xcconfig; name = "Pods-AsSDKDemo.debug.xcconfig"; path = "Target Support Files/Pods-AsSDKDemo/Pods-AsSDKDemo.debug.xcconfig"; sourceTree = "<group>"; };
		C37ADBE92BD26B8A00EE13CA /* AsSDKDemo.app */ = {isa = PBXFileReference; explicitFileType = wrapper.application; includeInIndex = 0; path = AsSDKDemo.app; sourceTree = BUILT_PRODUCTS_DIR; };
		C37ADBEC2BD26B8A00EE13CA /* AppDelegate.swift */ = {isa = PBXFileReference; lastKnownFileType = sourcecode.swift; path = AppDelegate.swift; sourceTree = "<group>"; };
		C37ADBF02BD26B8A00EE13CA /* ViewController.swift */ = {isa = PBXFileReference; lastKnownFileType = sourcecode.swift; path = ViewController.swift; sourceTree = "<group>"; };
		C37ADBF32BD26B8A00EE13CA /* Base */ = {isa = PBXFileReference; lastKnownFileType = file.storyboard; name = Base; path = Base.lproj/Main.storyboard; sourceTree = "<group>"; };
		C37ADBF52BD26B8B00EE13CA /* Assets.xcassets */ = {isa = PBXFileReference; lastKnownFileType = folder.assetcatalog; path = Assets.xcassets; sourceTree = "<group>"; };
		C37ADBF82BD26B8B00EE13CA /* Base */ = {isa = PBXFileReference; lastKnownFileType = file.storyboard; name = Base; path = Base.lproj/LaunchScreen.storyboard; sourceTree = "<group>"; };
		C37ADBFA2BD26B8B00EE13CA /* Info.plist */ = {isa = PBXFileReference; lastKnownFileType = text.plist.xml; path = Info.plist; sourceTree = "<group>"; };
/* End PBXFileReference section */

/* Begin PBXFrameworksBuildPhase section */
		C37ADBE62BD26B8A00EE13CA /* Frameworks */ = {
			isa = PBXFrameworksBuildPhase;
			buildActionMask = 2147483647;
			files = (
				4EED37736E165E5BDC3FA477 /* Pods_AsSDKDemo.framework in Frameworks */,
			);
			runOnlyForDeploymentPostprocessing = 0;
		};
/* End PBXFrameworksBuildPhase section */

/* Begin PBXGroup section */
		4D7B8D5A66E2D47414507AA4 /* Pods */ = {
			isa = PBXGroup;
			children = (
				8DD1061835F410ED37DFFE70 /* Pods-AsSDKDemo.debug.xcconfig */,
				3B1C166DE548FD4C7D6AB82D /* Pods-AsSDKDemo.release.xcconfig */,
			);
			path = Pods;
			sourceTree = "<group>";
		};
		51B0C4E273F98EB59C04C2C1 /* Frameworks */ = {
			isa = PBXGroup;
			children = (
				10ACC6C441B52B8861633350 /* Pods_AsSDKDemo.framework */,
			);
			name = Frameworks;
			sourceTree = "<group>";
		};
		C37ADBE02BD26B8A00EE13CA = {
			isa = PBXGroup;
			children = (
				C37ADBEB2BD26B8A00EE13CA /* AsSDKDemo */,
				C37ADBEA2BD26B8A00EE13CA /* Products */,
				4D7B8D5A66E2D47414507AA4 /* Pods */,
				51B0C4E273F98EB59C04C2C1 /* Frameworks */,
			);
			sourceTree = "<group>";
		};
		C37ADBEA2BD26B8A00EE13CA /* Products */ = {
			isa = PBXGroup;
			children = (
				C37ADBE92BD26B8A00EE13CA /* AsSDKDemo.app */,
			);
			name = Products;
			sourceTree = "<group>";
		};
		C37ADBEB2BD26B8A00EE13CA /* AsSDKDemo */ = {
			isa = PBXGroup;
			children = (
				C37ADBEC2BD26B8A00EE13CA /* AppDelegate.swift */,
				C37ADBF02BD26B8A00EE13CA /* ViewController.swift */,
				C37ADBF22BD26B8A00EE13CA /* Main.storyboard */,
				C37ADBF52BD26B8B00EE13CA /* Assets.xcassets */,
				C37ADBF72BD26B8B00EE13CA /* LaunchScreen.storyboard */,
				C37ADBFA2BD26B8B00EE13CA /* Info.plist */,
			);
			path = AsSDKDemo;
			sourceTree = "<group>";
		};
/* End PBXGroup section */

/* Begin PBXNativeTarget section */
		C37ADBE82BD26B8A00EE13CA /* AsSDKDemo */ = {
			isa = PBXNativeTarget;
			buildConfigurationList = C37ADBFD2BD26B8B00EE13CA /* Build configuration list for PBXNativeTarget "AsSDKDemo" */;
			buildPhases = (
				D001DC16913089DB95F55507 /* [CP] Check Pods Manifest.lock */,
				C37ADBE52BD26B8A00EE13CA /* Sources */,
				C37ADBE62BD26B8A00EE13CA /* Frameworks */,
				C37ADBE72BD26B8A00EE13CA /* Resources */,
				15DADF8FDD571FE7B3E8D198 /* [CP] Embed Pods Frameworks */,
			);
			buildRules = (
			);
			dependencies = (
			);
			name = AsSDKDemo;
			productName = AsSDKDemo;
			productReference = C37ADBE92BD26B8A00EE13CA /* AsSDKDemo.app */;
			productType = "com.apple.product-type.application";
		};
/* End PBXNativeTarget section */

/* Begin PBXProject section */
		C37ADBE12BD26B8A00EE13CA /* Project object */ = {
			isa = PBXProject;
			attributes = {
				BuildIndependentTargetsInParallel = 1;
				LastSwiftUpdateCheck = 1530;
				LastUpgradeCheck = 1530;
				TargetAttributes = {
					C37ADBE82BD26B8A00EE13CA = {
						CreatedOnToolsVersion = 15.3;
					};
				};
			};
			buildConfigurationList = C37ADBE42BD26B8A00EE13CA /* Build configuration list for PBXProject "AsSDKDemo" */;
			compatibilityVersion = "Xcode 14.0";
			developmentRegion = en;
			hasScannedForEncodings = 0;
			knownRegions = (
				en,
				Base,
			);
			mainGroup = C37ADBE02BD26B8A00EE13CA;
			productRefGroup = C37ADBEA2BD26B8A00EE13CA /* Products */;
			projectDirPath = "";
			projectRoot = "";
			targets = (
				C37ADBE82BD26B8A00EE13CA /* AsSDKDemo */,
			);
		};
/* End PBXProject section */

/* Begin PBXResourcesBuildPhase section */
		C37ADBE72BD26B8A00EE13CA /* Resources */ = {
			isa = PBXResourcesBuildPhase;
			buildActionMask = 2147483647;
			files = (
				C37ADBF62BD26B8B00EE13CA /* Assets.xcassets in Resources */,
				C37ADBF92BD26B8B00EE13CA /* Base in Resources */,
				C37ADBF42BD26B8A00EE13CA /* Base in Resources */,
			);
			runOnlyForDeploymentPostprocessing = 0;
		};
/* End PBXResourcesBuildPhase section */

/* Begin PBXShellScriptBuildPhase section */
		15DADF8FDD571FE7B3E8D198 /* [CP] Embed Pods Frameworks */ = {
			isa = PBXShellScriptBuildPhase;
			buildActionMask = 2147483647;
			files = (
			);
			inputFileListPaths = (
				"${PODS_ROOT}/Target Support Files/Pods-AsSDKDemo/Pods-AsSDKDemo-frameworks-${CONFIGURATION}-input-files.xcfilelist",
			);
			name = "[CP] Embed Pods Frameworks";
			outputFileListPaths = (
				"${PODS_ROOT}/Target Support Files/Pods-AsSDKDemo/Pods-AsSDKDemo-frameworks-${CONFIGURATION}-output-files.xcfilelist",
			);
			runOnlyForDeploymentPostprocessing = 0;
			shellPath = /bin/sh;
			shellScript = "\"${PODS_ROOT}/Target Support Files/Pods-AsSDKDemo/Pods-AsSDKDemo-frameworks.sh\"\n";
			showEnvVarsInLog = 0;
		};
		D001DC16913089DB95F55507 /* [CP] Check Pods Manifest.lock */ = {
			isa = PBXShellScriptBuildPhase;
			buildActionMask = 2147483647;
			files = (
			);
			inputFileListPaths = (
			);
			inputPaths = (
				"${PODS_PODFILE_DIR_PATH}/Podfile.lock",
				"${PODS_ROOT}/Manifest.lock",
			);
			name = "[CP] Check Pods Manifest.lock";
			outputFileListPaths = (
			);
			outputPaths = (
				"$(DERIVED_FILE_DIR)/Pods-AsSDKDemo-checkManifestLockResult.txt",
			);
			runOnlyForDeploymentPostprocessing = 0;
			shellPath = /bin/sh;
			shellScript = "diff \"${PODS_PODFILE_DIR_PATH}/Podfile.lock\" \"${PODS_ROOT}/Manifest.lock\" > /dev/null\nif [ $? != 0 ] ; then\n    # print error to STDERR\n    echo \"error: The sandbox is not in sync with the Podfile.lock. Run 'pod install' or update your CocoaPods installation.\" >&2\n    exit 1\nfi\n# This output is used by Xcode 'outputs' to avoid re-running this script phase.\necho \"SUCCESS\" > \"${SCRIPT_OUTPUT_FILE_0}\"\n";
			showEnvVarsInLog = 0;
		};
/* End PBXShellScriptBuildPhase section */

/* Begin PBXSourcesBuildPhase section */
		C37ADBE52BD26B8A00EE13CA /* Sources */ = {
			isa = PBXSourcesBuildPhase;
			buildActionMask = 2147483647;
			files = (
				C37ADBF12BD26B8A00EE13CA /* ViewController.swift in Sources */,
				C37ADBED2BD26B8A00EE13CA /* AppDelegate.swift in Sources */,
			);
			runOnlyForDeploymentPostprocessing = 0;
		};
/* End PBXSourcesBuildPhase section */

/* Begin PBXVariantGroup section */
		C37ADBF22BD26B8A00EE13CA /* Main.storyboard */ = {
			isa = PBXVariantGroup;
			children = (
				C37ADBF32BD26B8A00EE13CA /* Base */,
			);
			name = Main.storyboard;
			sourceTree = "<group>";
		};
		C37ADBF72BD26B8B00EE13CA /* LaunchScreen.storyboard */ = {
			isa = PBXVariantGroup;
			children = (
				C37ADBF82BD26B8B00EE13CA /* Base */,
			);
			name = LaunchScreen.storyboard;
			sourceTree = "<group>";
		};
/* End PBXVariantGroup section */

/* Begin XCBuildConfiguration section */
		C37ADBFB2BD26B8B00EE13CA /* Debug */ = {
			isa = XCBuildConfiguration;
			buildSettings = {
				ALWAYS_SEARCH_USER_PATHS = NO;
				ASSETCATALOG_COMPILER_GENERATE_SWIFT_ASSET_SYMBOL_EXTENSIONS = YES;
				CLANG_ANALYZER_NONNULL = YES;
				CLANG_ANALYZER_NUMBER_OBJECT_CONVERSION = YES_AGGRESSIVE;
				CLANG_CXX_LANGUAGE_STANDARD = "gnu++20";
				CLANG_ENABLE_MODULES = YES;
				CLANG_ENABLE_OBJC_ARC = YES;
				CLANG_ENABLE_OBJC_WEAK = YES;
				CLANG_WARN_BLOCK_CAPTURE_AUTORELEASING = YES;
				CLANG_WARN_BOOL_CONVERSION = YES;
				CLANG_WARN_COMMA = YES;
				CLANG_WARN_CONSTANT_CONVERSION = YES;
				CLANG_WARN_DEPRECATED_OBJC_IMPLEMENTATIONS = YES;
				CLANG_WARN_DIRECT_OBJC_ISA_USAGE = YES_ERROR;
				CLANG_WARN_DOCUMENTATION_COMMENTS = YES;
				CLANG_WARN_EMPTY_BODY = YES;
				CLANG_WARN_ENUM_CONVERSION = YES;
				CLANG_WARN_INFINITE_RECURSION = YES;
				CLANG_WARN_INT_CONVERSION = YES;
				CLANG_WARN_NON_LITERAL_NULL_CONVERSION = YES;
				CLANG_WARN_OBJC_IMPLICIT_RETAIN_SELF = YES;
				CLANG_WARN_OBJC_LITERAL_CONVERSION = YES;
				CLANG_WARN_OBJC_ROOT_CLASS = YES_ERROR;
				CLANG_WARN_QUOTED_INCLUDE_IN_FRAMEWORK_HEADER = YES;
				CLANG_WARN_RANGE_LOOP_ANALYSIS = YES;
				CLANG_WARN_STRICT_PROTOTYPES = YES;
				CLANG_WARN_SUSPICIOUS_MOVE = YES;
				CLANG_WARN_UNGUARDED_AVAILABILITY = YES_AGGRESSIVE;
				CLANG_WARN_UNREACHABLE_CODE = YES;
				CLANG_WARN__DUPLICATE_METHOD_MATCH = YES;
				COPY_PHASE_STRIP = NO;
				DEBUG_INFORMATION_FORMAT = dwarf;
				ENABLE_STRICT_OBJC_MSGSEND = YES;
				ENABLE_TESTABILITY = YES;
				ENABLE_USER_SCRIPT_SANDBOXING = YES;
				GCC_C_LANGUAGE_STANDARD = gnu17;
				GCC_DYNAMIC_NO_PIC = NO;
				GCC_NO_COMMON_BLOCKS = YES;
				GCC_OPTIMIZATION_LEVEL = 0;
				GCC_PREPROCESSOR_DEFINITIONS = (
					"DEBUG=1",
					"$(inherited)",
				);
				GCC_WARN_64_TO_32_BIT_CONVERSION = YES;
				GCC_WARN_ABOUT_RETURN_TYPE = YES_ERROR;
				GCC_WARN_UNDECLARED_SELECTOR = YES;
				GCC_WARN_UNINITIALIZED_AUTOS = YES_AGGRESSIVE;
				GCC_WARN_UNUSED_FUNCTION = YES;
				GCC_WARN_UNUSED_VARIABLE = YES;
				IPHONEOS_DEPLOYMENT_TARGET = 17.4;
				LOCALIZATION_PREFERS_STRING_CATALOGS = YES;
				MTL_ENABLE_DEBUG_INFO = INCLUDE_SOURCE;
				MTL_FAST_MATH = YES;
				ONLY_ACTIVE_ARCH = YES;
				SDKROOT = iphoneos;
				SWIFT_ACTIVE_COMPILATION_CONDITIONS = "DEBUG $(inherited)";
				SWIFT_OPTIMIZATION_LEVEL = "-Onone";
			};
			name = Debug;
		};
		C37ADBFC2BD26B8B00EE13CA /* Release */ = {
			isa = XCBuildConfiguration;
			buildSettings = {
				ALWAYS_SEARCH_USER_PATHS = NO;
				ASSETCATALOG_COMPILER_GENERATE_SWIFT_ASSET_SYMBOL_EXTENSIONS = YES;
				CLANG_ANALYZER_NONNULL = YES;
				CLANG_ANALYZER_NUMBER_OBJECT_CONVERSION = YES_AGGRESSIVE;
				CLANG_CXX_LANGUAGE_STANDARD = "gnu++20";
				CLANG_ENABLE_MODULES = YES;
				CLANG_ENABLE_OBJC_ARC = YES;
				CLANG_ENABLE_OBJC_WEAK = YES;
				CLANG_WARN_BLOCK_CAPTURE_AUTORELEASING = YES;
				CLANG_WARN_BOOL_CONVERSION = YES;
				CLANG_WARN_COMMA = YES;
				CLANG_WARN_CONSTANT_CONVERSION = YES;
				CLANG_WARN_DEPRECATED_OBJC_IMPLEMENTATIONS = YES;
				CLANG_WARN_DIRECT_OBJC_ISA_USAGE = YES_ERROR;
				CLANG_WARN_DOCUMENTATION_COMMENTS = YES;
				CLANG_WARN_EMPTY_BODY = YES;
				CLANG_WARN_ENUM_CONVERSION = YES;
				CLANG_WARN_INFINITE_RECURSION = YES;
				CLANG_WARN_INT_CONVERSION = YES;
				CLANG_WARN_NON_LITERAL_NULL_CONVERSION = YES;
				CLANG_WARN_OBJC_IMPLICIT_RETAIN_SELF = YES;
				CLANG_WARN_OBJC_LITERAL_CONVERSION = YES;
				CLANG_WARN_OBJC_ROOT_CLASS = YES_ERROR;
				CLANG_WARN_QUOTED_INCLUDE_IN_FRAMEWORK_HEADER = YES;
				CLANG_WARN_RANGE_LOOP_ANALYSIS = YES;
				CLANG_WARN_STRICT_PROTOTYPES = YES;
				CLANG_WARN_SUSPICIOUS_MOVE = YES;
				CLANG_WARN_UNGUARDED_AVAILABILITY = YES_AGGRESSIVE;
				CLANG_WARN_UNREACHABLE_CODE = YES;
				CLANG_WARN__DUPLICATE_METHOD_MATCH = YES;
				COPY_PHASE_STRIP = NO;
				DEBUG_INFORMATION_FORMAT = "dwarf-with-dsym";
				ENABLE_NS_ASSERTIONS = NO;
				ENABLE_STRICT_OBJC_MSGSEND = YES;
				ENABLE_USER_SCRIPT_SANDBOXING = YES;
				GCC_C_LANGUAGE_STANDARD = gnu17;
				GCC_NO_COMMON_BLOCKS = YES;
				GCC_WARN_64_TO_32_BIT_CONVERSION = YES;
				GCC_WARN_ABOUT_RETURN_TYPE = YES_ERROR;
				GCC_WARN_UNDECLARED_SELECTOR = YES;
				GCC_WARN_UNINITIALIZED_AUTOS = YES_AGGRESSIVE;
				GCC_WARN_UNUSED_FUNCTION = YES;
				GCC_WARN_UNUSED_VARIABLE = YES;
				IPHONEOS_DEPLOYMENT_TARGET = 17.4;
				LOCALIZATION_PREFERS_STRING_CATALOGS = YES;
				MTL_ENABLE_DEBUG_INFO = NO;
				MTL_FAST_MATH = YES;
				SDKROOT = iphoneos;
				SWIFT_COMPILATION_MODE = wholemodule;
				VALIDATE_PRODUCT = YES;
			};
			name = Release;
		};
		C37ADBFE2BD26B8B00EE13CA /* Debug */ = {
			isa = XCBuildConfiguration;
			baseConfigurationReference = 8DD1061835F410ED37DFFE70 /* Pods-AsSDKDemo.debug.xcconfig */;
			buildSettings = {
				ASSETCATALOG_COMPILER_APPICON_NAME = AppIcon;
				ASSETCATALOG_COMPILER_GLOBAL_ACCENT_COLOR_NAME = AccentColor;
				CODE_SIGN_STYLE = Automatic;
				CURRENT_PROJECT_VERSION = 1;
				DEVELOPMENT_TEAM = 7YNLQU7C8G;
				ENABLE_USER_SCRIPT_SANDBOXING = NO;
				GENERATE_INFOPLIST_FILE = YES;
				INFOPLIST_FILE = AsSDKDemo/Info.plist;
				INFOPLIST_KEY_UIApplicationSupportsIndirectInputEvents = YES;
				INFOPLIST_KEY_UILaunchStoryboardName = LaunchScreen;
				INFOPLIST_KEY_UIMainStoryboardFile = Main;
				INFOPLIST_KEY_UISupportedInterfaceOrientations_iPad = "UIInterfaceOrientationPortrait UIInterfaceOrientationPortraitUpsideDown UIInterfaceOrientationLandscapeLeft UIInterfaceOrientationLandscapeRight";
				INFOPLIST_KEY_UISupportedInterfaceOrientations_iPhone = "UIInterfaceOrientationPortrait UIInterfaceOrientationLandscapeLeft UIInterfaceOrientationLandscapeRight";
				IPHONEOS_DEPLOYMENT_TARGET = 12.0;
				LD_RUNPATH_SEARCH_PATHS = (
					"$(inherited)",
					"@executable_path/Frameworks",
				);
				MARKETING_VERSION = 1.0;
				PRODUCT_BUNDLE_IDENTIFIER = com.asguard.sdkdemo.AsSDKDemo;
				PRODUCT_NAME = "$(TARGET_NAME)";
				SWIFT_EMIT_LOC_STRINGS = YES;
				SWIFT_VERSION = 5.0;
				TARGETED_DEVICE_FAMILY = "1,2";
			};
			name = Debug;
		};
		C37ADBFF2BD26B8B00EE13CA /* Release */ = {
			isa = XCBuildConfiguration;
			baseConfigurationReference = 3B1C166DE548FD4C7D6AB82D /* Pods-AsSDKDemo.release.xcconfig */;
			buildSettings = {
				ASSETCATALOG_COMPILER_APPICON_NAME = AppIcon;
				ASSETCATALOG_COMPILER_GLOBAL_ACCENT_COLOR_NAME = AccentColor;
				CODE_SIGN_STYLE = Automatic;
				CURRENT_PROJECT_VERSION = 1;
				DEVELOPMENT_TEAM = 7YNLQU7C8G;
				ENABLE_USER_SCRIPT_SANDBOXING = NO;
				GENERATE_INFOPLIST_FILE = YES;
				INFOPLIST_FILE = AsSDKDemo/Info.plist;
				INFOPLIST_KEY_UIApplicationSupportsIndirectInputEvents = YES;
				INFOPLIST_KEY_UILaunchStoryboardName = LaunchScreen;
				INFOPLIST_KEY_UIMainStoryboardFile = Main;
				INFOPLIST_KEY_UISupportedInterfaceOrientations_iPad = "UIInterfaceOrientationPortrait UIInterfaceOrientationPortraitUpsideDown UIInterfaceOrientationLandscapeLeft UIInterfaceOrientationLandscapeRight";
				INFOPLIST_KEY_UISupportedInterfaceOrientations_iPhone = "UIInterfaceOrientationPortrait UIInterfaceOrientationLandscapeLeft UIInterfaceOrientationLandscapeRight";
				IPHONEOS_DEPLOYMENT_TARGET = 12.0;
				LD_RUNPATH_SEARCH_PATHS = (
					"$(inherited)",
					"@executable_path/Frameworks",
				);
				MARKETING_VERSION = 1.0;
				PRODUCT_BUNDLE_IDENTIFIER = com.asguard.sdkdemo.AsSDKDemo;
				PRODUCT_NAME = "$(TARGET_NAME)";
				SWIFT_EMIT_LOC_STRINGS = YES;
				SWIFT_VERSION = 5.0;
				TARGETED_DEVICE_FAMILY = "1,2";
			};
			name = Release;
		};
/* End XCBuildConfiguration section */

/* Begin XCConfigurationList section */
		C37ADBE42BD26B8A00EE13CA /* Build configuration list for PBXProject "AsSDKDemo" */ = {
			isa = XCConfigurationList;
			buildConfigurations = (
				C37ADBFB2BD26B8B00EE13CA /* Debug */,
				C37ADBFC2BD26B8B00EE13CA /* Release */,
			);
			defaultConfigurationIsVisible = 0;
			defaultConfigurationName = Release;
		};
		C37ADBFD2BD26B8B00EE13CA /* Build configuration list for PBXNativeTarget "AsSDKDemo" */ = {
			isa = XCConfigurationList;
			buildConfigurations = (
				C37ADBFE2BD26B8B00EE13CA /* Debug */,
				C37ADBFF2BD26B8B00EE13CA /* Release */,
			);
			defaultConfigurationIsVisible = 0;
			defaultConfigurationName = Release;
		};
/* End XCConfigurationList section */
	};
	rootObject = C37ADBE12BD26B8A00EE13CA /* Project object */;
}
